
Microsoft Visual Studio Solution File, Format Version 12.00
# Visual Studio Version 17
VisualStudioVersion = 17.2.32630.192
MinimumVisualStudioVersion = 10.0.40219.1
Project("{FAE04EC0-301F-11D3-BF4B-00C04F79EFBC}") = "05200000092_05210000282_Proje4", "05200000092_05210000282_Proje4.csproj", "{34B47A14-15D4-4AD4-A573-00292FFC5E25}"
EndProject
Global
	GlobalSection(SolutionConfigurationPlatforms) = preSolution
		Debug|Any CPU = Debug|Any CPU
		Release|Any CPU = Release|Any CPU
	EndGlobalSection
	GlobalSection(ProjectConfigurationPlatforms) = postSolution
		{34B47A14-15D4-4AD4-A573-00292FFC5E25}.Debug|Any CPU.ActiveCfg = Debug|Any CPU
		{34B47A14-15D4-4AD4-A573-00292FFC5E25}.Debug|Any CPU.Build.0 = Debug|Any CPU
		{34B47A14-15D4-4AD4-A573-00292FFC5E25}.Release|Any CPU.ActiveCfg = Release|Any CPU
		{34B47A14-15D4-4AD4-A573-00292FFC5E25}.Release|Any CPU.Build.0 = Release|Any CPU
	EndGlobalSection
	GlobalSection(SolutionProperties) = preSolution
		HideSolutionNode = FALSE
	EndGlobalSection
	GlobalSection(ExtensibilityGlobals) = postSolution
		SolutionGuid = {BE26ACFF-685B-4E3A-9050-92237ECAA359}
	EndGlobalSection
EndGlobal
